
Microsoft Visual Studio Solution File, Format Version 12.00
# Visual Studio Version 17
VisualStudioVersion = 17.0.32126.317
MinimumVisualStudioVersion = 10.0.40219.1
Project("{9A19103F-16F7-4668-BE54-9A1E7A4F7556}") = "NetFlex.DAL", "NetFlex.DAL\NetFlex.DAL.csproj", "{CCE5BB03-B67C-45A7-B75C-ECD1C6FE1EB6}"
EndProject
Project("{9A19103F-16F7-4668-BE54-9A1E7A4F7556}") = "NetFlex.BLL", "NetFlex.BLL\NetFlex.BLL.csproj", "{9E798C2B-B341-4640-B0B9-5019FFEC18D0}"
EndProject
Project("{FAE04EC0-301F-11D3-BF4B-00C04F79EFBC}") = "NetFlex.WEB", "NetFlex.WEB\NetFlex.WEB.csproj", "{6E51E3C7-B18C-425A-9278-B7C1FB6EDB3B}"
EndProject
Global
	GlobalSection(SolutionConfigurationPlatforms) = preSolution
		Debug|Any CPU = Debug|Any CPU
		Release|Any CPU = Release|Any CPU
	EndGlobalSection
	GlobalSection(ProjectConfigurationPlatforms) = postSolution
		{CCE5BB03-B67C-45A7-B75C-ECD1C6FE1EB6}.Debug|Any CPU.ActiveCfg = Debug|Any CPU
		{CCE5BB03-B67C-45A7-B75C-ECD1C6FE1EB6}.Debug|Any CPU.Build.0 = Debug|Any CPU
		{CCE5BB03-B67C-45A7-B75C-ECD1C6FE1EB6}.Release|Any CPU.ActiveCfg = Release|Any CPU
		{CCE5BB03-B67C-45A7-B75C-ECD1C6FE1EB6}.Release|Any CPU.Build.0 = Release|Any CPU
		{9E798C2B-B341-4640-B0B9-5019FFEC18D0}.Debug|Any CPU.ActiveCfg = Debug|Any CPU
		{9E798C2B-B341-4640-B0B9-5019FFEC18D0}.Debug|Any CPU.Build.0 = Debug|Any CPU
		{9E798C2B-B341-4640-B0B9-5019FFEC18D0}.Release|Any CPU.ActiveCfg = Release|Any CPU
		{9E798C2B-B341-4640-B0B9-5019FFEC18D0}.Release|Any CPU.Build.0 = Release|Any CPU
		{6E51E3C7-B18C-425A-9278-B7C1FB6EDB3B}.Debug|Any CPU.ActiveCfg = Debug|Any CPU
		{6E51E3C7-B18C-425A-9278-B7C1FB6EDB3B}.Debug|Any CPU.Build.0 = Debug|Any CPU
		{6E51E3C7-B18C-425A-9278-B7C1FB6EDB3B}.Release|Any CPU.ActiveCfg = Release|Any CPU
		{6E51E3C7-B18C-425A-9278-B7C1FB6EDB3B}.Release|Any CPU.Build.0 = Release|Any CPU
	EndGlobalSection
	GlobalSection(SolutionProperties) = preSolution
		HideSolutionNode = FALSE
	EndGlobalSection
	GlobalSection(ExtensibilityGlobals) = postSolution
		SolutionGuid = {74449CDB-78BB-4338-9CFE-215157FF882C}
	EndGlobalSection
EndGlobal
