
Microsoft Visual Studio Solution File, Format Version 12.00
# Visual Studio Version 17
VisualStudioVersion = 17.5.33502.453
MinimumVisualStudioVersion = 10.0.40219.1
Project("{9A19103F-16F7-4668-BE54-9A1E7A4F7556}") = "Netflex.Statistic.Server", "Netflex.Statistic.Server\Netflex.Statistic.Server.csproj", "{1622886C-FE54-42EE-AEE7-DA8BE5B7EA8B}"
EndProject
Project("{9A19103F-16F7-4668-BE54-9A1E7A4F7556}") = "Kafka.Consumer", "Kafka.Consumer\Kafka.Consumer.csproj", "{216F7649-911D-4541-B02B-F9855AB2D68D}"
EndProject
Project("{FAE04EC0-301F-11D3-BF4B-00C04F79EFBC}") = "Netflex.Kafka.Consumer", "Netflex.Kafka.Consumer\Netflex.Kafka.Consumer.csproj", "{29E303E8-4949-4F52-ACD1-DC5532CDACCC}"
EndProject
Global
	GlobalSection(SolutionConfigurationPlatforms) = preSolution
		Debug|Any CPU = Debug|Any CPU
		Release|Any CPU = Release|Any CPU
	EndGlobalSection
	GlobalSection(ProjectConfigurationPlatforms) = postSolution
		{1622886C-FE54-42EE-AEE7-DA8BE5B7EA8B}.Debug|Any CPU.ActiveCfg = Debug|Any CPU
		{1622886C-FE54-42EE-AEE7-DA8BE5B7EA8B}.Debug|Any CPU.Build.0 = Debug|Any CPU
		{1622886C-FE54-42EE-AEE7-DA8BE5B7EA8B}.Release|Any CPU.ActiveCfg = Release|Any CPU
		{1622886C-FE54-42EE-AEE7-DA8BE5B7EA8B}.Release|Any CPU.Build.0 = Release|Any CPU
		{216F7649-911D-4541-B02B-F9855AB2D68D}.Debug|Any CPU.ActiveCfg = Debug|Any CPU
		{216F7649-911D-4541-B02B-F9855AB2D68D}.Debug|Any CPU.Build.0 = Debug|Any CPU
		{216F7649-911D-4541-B02B-F9855AB2D68D}.Release|Any CPU.ActiveCfg = Release|Any CPU
		{216F7649-911D-4541-B02B-F9855AB2D68D}.Release|Any CPU.Build.0 = Release|Any CPU
		{29E303E8-4949-4F52-ACD1-DC5532CDACCC}.Debug|Any CPU.ActiveCfg = Debug|Any CPU
		{29E303E8-4949-4F52-ACD1-DC5532CDACCC}.Debug|Any CPU.Build.0 = Debug|Any CPU
		{29E303E8-4949-4F52-ACD1-DC5532CDACCC}.Release|Any CPU.ActiveCfg = Release|Any CPU
		{29E303E8-4949-4F52-ACD1-DC5532CDACCC}.Release|Any CPU.Build.0 = Release|Any CPU
	EndGlobalSection
	GlobalSection(SolutionProperties) = preSolution
		HideSolutionNode = FALSE
	EndGlobalSection
	GlobalSection(ExtensibilityGlobals) = postSolution
		SolutionGuid = {89CBA116-DD0D-458C-8E55-EC4C892C84F3}
	EndGlobalSection
EndGlobal
